
Microsoft Visual Studio Solution File, Format Version 12.00
# Visual Studio Version 17
VisualStudioVersion = 17.4.33213.308
MinimumVisualStudioVersion = 10.0.40219.1
Project("{FAE04EC0-301F-11D3-BF4B-00C04F79EFBC}") = "Week13SQLLite", "Week13SQLLite\Week13SQLLite.csproj", "{30D5B9F3-01DE-4AEB-93D0-8380389FD8EF}"
EndProject
Global
	GlobalSection(SolutionConfigurationPlatforms) = preSolution
		Debug|Any CPU = Debug|Any CPU
		Release|Any CPU = Release|Any CPU
	EndGlobalSection
	GlobalSection(ProjectConfigurationPlatforms) = postSolution
		{30D5B9F3-01DE-4AEB-93D0-8380389FD8EF}.Debug|Any CPU.ActiveCfg = Debug|Any CPU
		{30D5B9F3-01DE-4AEB-93D0-8380389FD8EF}.Debug|Any CPU.Build.0 = Debug|Any CPU
		{30D5B9F3-01DE-4AEB-93D0-8380389FD8EF}.Release|Any CPU.ActiveCfg = Release|Any CPU
		{30D5B9F3-01DE-4AEB-93D0-8380389FD8EF}.Release|Any CPU.Build.0 = Release|Any CPU
	EndGlobalSection
	GlobalSection(SolutionProperties) = preSolution
		HideSolutionNode = FALSE
	EndGlobalSection
	GlobalSection(ExtensibilityGlobals) = postSolution
		SolutionGuid = {838D5B84-F631-4E07-AAE7-5319AE41453C}
	EndGlobalSection
EndGlobal
